
Microsoft Visual Studio Solution File, Format Version 12.00
# Visual Studio 15
VisualStudioVersion = 15.0.27004.2005
MinimumVisualStudioVersion = 10.0.40219.1
Project("{9A19103F-16F7-4668-BE54-9A1E7A4F7556}") = "millisecondInterviewTask", "millisecondInterviewTask\millisecondInterviewTask.csproj", "{78D0DB64-FF81-43E6-9D7B-6294884B81DE}"
EndProject
Project("{FAE04EC0-301F-11D3-BF4B-00C04F79EFBC}") = "XUnitTestMillisecondInterviewTask", "XUnitTestMillisecondInterviewTask\XUnitTestMillisecondInterviewTask.csproj", "{09C7EE12-29EC-4E4B-A3C4-8848C08D56D3}"
EndProject
Global
	GlobalSection(SolutionConfigurationPlatforms) = preSolution
		Debug|Any CPU = Debug|Any CPU
		Release|Any CPU = Release|Any CPU
	EndGlobalSection
	GlobalSection(ProjectConfigurationPlatforms) = postSolution
		{78D0DB64-FF81-43E6-9D7B-6294884B81DE}.Debug|Any CPU.ActiveCfg = Debug|Any CPU
		{78D0DB64-FF81-43E6-9D7B-6294884B81DE}.Debug|Any CPU.Build.0 = Debug|Any CPU
		{78D0DB64-FF81-43E6-9D7B-6294884B81DE}.Release|Any CPU.ActiveCfg = Release|Any CPU
		{78D0DB64-FF81-43E6-9D7B-6294884B81DE}.Release|Any CPU.Build.0 = Release|Any CPU
		{09C7EE12-29EC-4E4B-A3C4-8848C08D56D3}.Debug|Any CPU.ActiveCfg = Debug|Any CPU
		{09C7EE12-29EC-4E4B-A3C4-8848C08D56D3}.Debug|Any CPU.Build.0 = Debug|Any CPU
		{09C7EE12-29EC-4E4B-A3C4-8848C08D56D3}.Release|Any CPU.ActiveCfg = Release|Any CPU
		{09C7EE12-29EC-4E4B-A3C4-8848C08D56D3}.Release|Any CPU.Build.0 = Release|Any CPU
	EndGlobalSection
	GlobalSection(SolutionProperties) = preSolution
		HideSolutionNode = FALSE
	EndGlobalSection
	GlobalSection(ExtensibilityGlobals) = postSolution
		SolutionGuid = {62EDEA59-FB24-4FE6-8B80-56EDEF900FA3}
	EndGlobalSection
EndGlobal
